
Microsoft Visual Studio Solution File, Format Version 12.00
# Visual Studio Version 16
VisualStudioVersion = 16.0.32602.290
MinimumVisualStudioVersion = 10.0.40219.1
Project("{FAE04EC0-301F-11D3-BF4B-00C04F79EFBC}") = "ProyectoRevistaDINT", "ProyectoRevistaDINT\ProyectoRevistaDINT.csproj", "{6BB89853-D993-407E-8E61-3BA7F3250BC3}"
EndProject
Project("{54435603-DBB4-11D2-8724-00A0C9A8B90C}") = "Instalador RevistaDINT", "Instalador RevistaDINT\Instalador RevistaDINT.vdproj", "{EE278419-C588-4636-B234-0814BD1634D9}"
EndProject
Global
	GlobalSection(SolutionConfigurationPlatforms) = preSolution
		Debug|Any CPU = Debug|Any CPU
		Release|Any CPU = Release|Any CPU
	EndGlobalSection
	GlobalSection(ProjectConfigurationPlatforms) = postSolution
		{6BB89853-D993-407E-8E61-3BA7F3250BC3}.Debug|Any CPU.ActiveCfg = Debug|Any CPU
		{6BB89853-D993-407E-8E61-3BA7F3250BC3}.Debug|Any CPU.Build.0 = Debug|Any CPU
		{6BB89853-D993-407E-8E61-3BA7F3250BC3}.Release|Any CPU.ActiveCfg = Release|Any CPU
		{6BB89853-D993-407E-8E61-3BA7F3250BC3}.Release|Any CPU.Build.0 = Release|Any CPU
		{EE278419-C588-4636-B234-0814BD1634D9}.Debug|Any CPU.ActiveCfg = Debug
		{EE278419-C588-4636-B234-0814BD1634D9}.Release|Any CPU.ActiveCfg = Release
	EndGlobalSection
	GlobalSection(SolutionProperties) = preSolution
		HideSolutionNode = FALSE
	EndGlobalSection
	GlobalSection(ExtensibilityGlobals) = postSolution
		SolutionGuid = {FD7B3C78-5CC3-4277-91BE-F53C1A66E9B0}
	EndGlobalSection
EndGlobal
